// !$*UTF8*$!
{
	archiveVersion = 1;
	classes = {
	};
	objectVersion = 46;
	objects = {

/* Begin PBXBuildFile section */
		4FB259A41CCE414500330E1B /* errorHandlingTest.swift in Sources */ = {isa = PBXBuildFile; fileRef = 4FB259A31CCE414500330E1B /* errorHandlingTest.swift */; };
		4FE27FE71CCAA9AB008B1381 /* main.swift in Sources */ = {isa = PBXBuildFile; fileRef = 4FE27FE61CCAA9AB008B1381 /* main.swift */; };
/* End PBXBuildFile section */

/* Begin PBXCopyFilesBuildPhase section */
		4FE27FE11CCAA9AB008B1381 /* CopyFiles */ = {
			isa = PBXCopyFilesBuildPhase;
			buildActionMask = 2147483647;
			dstPath = /usr/share/man/man1/;
			dstSubfolderSpec = 0;
			files = (
			);
			runOnlyForDeploymentPostprocessing = 1;
		};
/* End PBXCopyFilesBuildPhase section */

/* Begin PBXFileReference section */
		4FB259A31CCE414500330E1B /* errorHandlingTest.swift */ = {isa = PBXFileReference; fileEncoding = 4; lastKnownFileType = sourcecode.swift; path = errorHandlingTest.swift; sourceTree = "<group>"; };
		4FE27FE31CCAA9AB008B1381 /* Official-Apple-Swift-Style-Guide */ = {isa = PBXFileReference; explicitFileType = "compiled.mach-o.executable"; includeInIndex = 0; path = "Official-Apple-Swift-Style-Guide"; sourceTree = BUILT_PRODUCTS_DIR; };
		4FE27FE61CCAA9AB008B1381 /* main.swift */ = {isa = PBXFileReference; lastKnownFileType = sourcecode.swift; path = main.swift; sourceTree = "<group>"; };
		4FE27FED1CCAA9BC008B1381 /* MyPlayground.playground */ = {isa = PBXFileReference; lastKnownFileType = file.playground; path = MyPlayground.playground; sourceTree = "<group>"; };
/* End PBXFileReference section */

/* Begin PBXFrameworksBuildPhase section */
		4FE27FE01CCAA9AB008B1381 /* Frameworks */ = {
			isa = PBXFrameworksBuildPhase;
			buildActionMask = 2147483647;
			files = (
			);
			runOnlyForDeploymentPostprocessing = 0;
		};
/* End PBXFrameworksBuildPhase section */

/* Begin PBXGroup section */
		4FE27FDA1CCAA9AB008B1381 = {
			isa = PBXGroup;
			children = (
				4FE27FE51CCAA9AB008B1381 /* Official-Apple-Swift-Style-Guide */,
				4FE27FE41CCAA9AB008B1381 /* Products */,
			);
			sourceTree = "<group>";
		};
		4FE27FE41CCAA9AB008B1381 /* Products */ = {
			isa = PBXGroup;
			children = (
				4FE27FE31CCAA9AB008B1381 /* Official-Apple-Swift-Style-Guide */,
			);
			name = Products;
			sourceTree = "<group>";
		};
		4FE27FE51CCAA9AB008B1381 /* Official-Apple-Swift-Style-Guide */ = {
			isa = PBXGroup;
			children = (
				4FE27FE61CCAA9AB008B1381 /* main.swift */,
				4FB259A31CCE414500330E1B /* errorHandlingTest.swift */,
				4FE27FED1CCAA9BC008B1381 /* MyPlayground.playground */,
			);
			path = "Official-Apple-Swift-Style-Guide";
			sourceTree = "<group>";
		};
/* End PBXGroup section */

/* Begin PBXNativeTarget section */
		4FE27FE21CCAA9AB008B1381 /* Official-Apple-Swift-Style-Guide */ = {
			isa = PBXNativeTarget;
			buildConfigurationList = 4FE27FEA1CCAA9AB008B1381 /* Build configuration list for PBXNativeTarget "Official-Apple-Swift-Style-Guide" */;
			buildPhases = (
				4FE27FDF1CCAA9AB008B1381 /* Sources */,
				4FE27FE01CCAA9AB008B1381 /* Frameworks */,
				4FE27FE11CCAA9AB008B1381 /* CopyFiles */,
			);
			buildRules = (
			);
			dependencies = (
			);
			name = "Official-Apple-Swift-Style-Guide";
			productName = "Official-Apple-Swift-Style-Guide";
			productReference = 4FE27FE31CCAA9AB008B1381 /* Official-Apple-Swift-Style-Guide */;
			productType = "com.apple.product-type.tool";
		};
/* End PBXNativeTarget section */

/* Begin PBXProject section */
		4FE27FDB1CCAA9AB008B1381 /* Project object */ = {
			isa = PBXProject;
			attributes = {
				LastSwiftUpdateCheck = 0730;
				LastUpgradeCheck = 0730;
				ORGANIZATIONNAME = "Ignacio H. Gomez";
				TargetAttributes = {
					4FE27FE21CCAA9AB008B1381 = {
						CreatedOnToolsVersion = 7.3;
					};
				};
			};
			buildConfigurationList = 4FE27FDE1CCAA9AB008B1381 /* Build configuration list for PBXProject "Official-Apple-Swift-Style-Guide" */;
			compatibilityVersion = "Xcode 3.2";
			developmentRegion = English;
			hasScannedForEncodings = 0;
			knownRegions = (
				en,
			);
			mainGroup = 4FE27FDA1CCAA9AB008B1381;
			productRefGroup = 4FE27FE41CCAA9AB008B1381 /* Products */;
			projectDirPath = "";
			projectRoot = "";
			targets = (
				4FE27FE21CCAA9AB008B1381 /* Official-Apple-Swift-Style-Guide */,
			);
		};
/* End PBXProject section */

/* Begin PBXSourcesBuildPhase section */
		4FE27FDF1CCAA9AB008B1381 /* Sources */ = {
			isa = PBXSourcesBuildPhase;
			buildActionMask = 2147483647;
			files = (
				4FE27FE71CCAA9AB008B1381 /* main.swift in Sources */,
				4FB259A41CCE414500330E1B /* errorHandlingTest.swift in Sources */,
			);
			runOnlyForDeploymentPostprocessing = 0;
		};
/* End PBXSourcesBuildPhase section */

/* Begin XCBuildConfiguration section */
		4FE27FE81CCAA9AB008B1381 /* Debug */ = {
			isa = XCBuildConfiguration;
			buildSettings = {
				ALWAYS_SEARCH_USER_PATHS = NO;
				CLANG_ANALYZER_NONNULL = YES;
				CLANG_CXX_LANGUAGE_STANDARD = "gnu++0x";
				CLANG_CXX_LIBRARY = "libc++";
				CLANG_ENABLE_MODULES = YES;
				CLANG_ENABLE_OBJC_ARC = YES;
				CLANG_WARN_BOOL_CONVERSION = YES;
				CLANG_WARN_CONSTANT_CONVERSION = YES;
				CLANG_WARN_DIRECT_OBJC_ISA_USAGE = YES_ERROR;
				CLANG_WARN_EMPTY_BODY = YES;
				CLANG_WARN_ENUM_CONVERSION = YES;
				CLANG_WARN_INT_CONVERSION = YES;
				CLANG_WARN_OBJC_ROOT_CLASS = YES_ERROR;
				CLANG_WARN_UNREACHABLE_CODE = YES;
				CLANG_WARN__DUPLICATE_METHOD_MATCH = YES;
				CODE_SIGN_IDENTITY = "-";
				COPY_PHASE_STRIP = NO;
				DEBUG_INFORMATION_FORMAT = dwarf;
				ENABLE_STRICT_OBJC_MSGSEND = YES;
				ENABLE_TESTABILITY = YES;
				GCC_C_LANGUAGE_STANDARD = gnu99;
				GCC_DYNAMIC_NO_PIC = NO;
				GCC_NO_COMMON_BLOCKS = YES;
				GCC_OPTIMIZATION_LEVEL = 0;
				GCC_PREPROCESSOR_DEFINITIONS = (
					"DEBUG=1",
					"$(inherited)",
				);
				GCC_WARN_64_TO_32_BIT_CONVERSION = YES;
				GCC_WARN_ABOUT_RETURN_TYPE = YES_ERROR;
				GCC_WARN_UNDECLARED_SELECTOR = YES;
				GCC_WARN_UNINITIALIZED_AUTOS = YES_AGGRESSIVE;
				GCC_WARN_UNUSED_FUNCTION = YES;
				GCC_WARN_UNUSED_VARIABLE = YES;
				MACOSX_DEPLOYMENT_TARGET = 10.11;
				MTL_ENABLE_DEBUG_INFO = YES;
				ONLY_ACTIVE_ARCH = YES;
				SDKROOT = macosx;
				SWIFT_OPTIMIZATION_LEVEL = "-Onone";
			};
			name = Debug;
		};
		4FE27FE91CCAA9AB008B1381 /* Release */ = {
			isa = XCBuildConfiguration;
			buildSettings = {
				ALWAYS_SEARCH_USER_PATHS = NO;
				CLANG_ANALYZER_NONNULL = YES;
				CLANG_CXX_LANGUAGE_STANDARD = "gnu++0x";
				CLANG_CXX_LIBRARY = "libc++";
				CLANG_ENABLE_MODULES = YES;
				CLANG_ENABLE_OBJC_ARC = YES;
				CLANG_WARN_BOOL_CONVERSION = YES;
				CLANG_WARN_CONSTANT_CONVERSION = YES;
				CLANG_WARN_DIRECT_OBJC_ISA_USAGE = YES_ERROR;
				CLANG_WARN_EMPTY_BODY = YES;
				CLANG_WARN_ENUM_CONVERSION = YES;
				CLANG_WARN_INT_CONVERSION = YES;
				CLANG_WARN_OBJC_ROOT_CLASS = YES_ERROR;
				CLANG_WARN_UNREACHABLE_CODE = YES;
				CLANG_WARN__DUPLICATE_METHOD_MATCH = YES;
				CODE_SIGN_IDENTITY = "-";
				COPY_PHASE_STRIP = NO;
				DEBUG_INFORMATION_FORMAT = "dwarf-with-dsym";
				ENABLE_NS_ASSERTIONS = NO;
				ENABLE_STRICT_OBJC_MSGSEND = YES;
				GCC_C_LANGUAGE_STANDARD = gnu99;
				GCC_NO_COMMON_BLOCKS = YES;
				GCC_WARN_64_TO_32_BIT_CONVERSION = YES;
				GCC_WARN_ABOUT_RETURN_TYPE = YES_ERROR;
				GCC_WARN_UNDECLARED_SELECTOR = YES;
				GCC_WARN_UNINITIALIZED_AUTOS = YES_AGGRESSIVE;
				GCC_WARN_UNUSED_FUNCTION = YES;
				GCC_WARN_UNUSED_VARIABLE = YES;
				MACOSX_DEPLOYMENT_TARGET = 10.11;
				MTL_ENABLE_DEBUG_INFO = NO;
				SDKROOT = macosx;
			};
			name = Release;
		};
		4FE27FEB1CCAA9AB008B1381 /* Debug */ = {
			isa = XCBuildConfiguration;
			buildSettings = {
				PRODUCT_NAME = "$(TARGET_NAME)";
			};
			name = Debug;
		};
		4FE27FEC1CCAA9AB008B1381 /* Release */ = {
			isa = XCBuildConfiguration;
			buildSettings = {
				PRODUCT_NAME = "$(TARGET_NAME)";
			};
			name = Release;
		};
/* End XCBuildConfiguration section */

/* Begin XCConfigurationList section */
		4FE27FDE1CCAA9AB008B1381 /* Build configuration list for PBXProject "Official-Apple-Swift-Style-Guide" */ = {
			isa = XCConfigurationList;
			buildConfigurations = (
				4FE27FE81CCAA9AB008B1381 /* Debug */,
				4FE27FE91CCAA9AB008B1381 /* Release */,
			);
			defaultConfigurationIsVisible = 0;
			defaultConfigurationName = Release;
		};
		4FE27FEA1CCAA9AB008B1381 /* Build configuration list for PBXNativeTarget "Official-Apple-Swift-Style-Guide" */ = {
			isa = XCConfigurationList;
			buildConfigurations = (
				4FE27FEB1CCAA9AB008B1381 /* Debug */,
				4FE27FEC1CCAA9AB008B1381 /* Release */,
			);
			defaultConfigurationIsVisible = 0;
			defaultConfigurationName = Release;
		};
/* End XCConfigurationList section */
	};
	rootObject = 4FE27FDB1CCAA9AB008B1381 /* Project object */;
}
